
Microsoft Visual Studio Solution File, Format Version 12.00
# Visual Studio Version 17
VisualStudioVersion = 17.0.31903.59
MinimumVisualStudioVersion = 10.0.40219.1
Project("{2150E333-8FDC-42A3-9474-1A3956D46DE8}") = ".config", ".config", "{F95967DD-F488-4238-88F0-96FA4DAD8737}"
	ProjectSection(SolutionItems) = preProject
		.config\dotnet-tools.json = .config\dotnet-tools.json
	EndProjectSection
EndProject
Project("{2150E333-8FDC-42A3-9474-1A3956D46DE8}") = ".github", ".github", "{9B7F2668-2005-4BEE-98CD-CA91A189FEE9}"
	ProjectSection(SolutionItems) = preProject
		.github\dependabot.yml = .github\dependabot.yml
	EndProjectSection
EndProject
Project("{2150E333-8FDC-42A3-9474-1A3956D46DE8}") = "Solution Items", "Solution Items", "{A3F0A03C-9113-4FCD-A730-3B07A857EA19}"
	ProjectSection(SolutionItems) = preProject
		.editorconfig = .editorconfig
		.gitattributes = .gitattributes
		.gitignore = .gitignore
		Directory.Build.props = Directory.Build.props
		LICENSE = LICENSE
		README.md = README.md
		version.json = version.json
	EndProjectSection
EndProject
Project("{2150E333-8FDC-42A3-9474-1A3956D46DE8}") = "workflows", "workflows", "{CB9A8F6C-C192-4094-BE9F-B2692C63C241}"
	ProjectSection(SolutionItems) = preProject
		.github\workflows\build.yml = .github\workflows\build.yml
		.github\workflows\CollectSymbolFiles.proj = .github\workflows\CollectSymbolFiles.proj
	EndProjectSection
EndProject
Project("{9A19103F-16F7-4668-BE54-9A1E7A4F7556}") = "Extensions.Logging.SingleRollingFile", "Extensions.Logging.SingleRollingFile\Extensions.Logging.SingleRollingFile.csproj", "{A0A22459-2762-4BBC-B915-3E1781F414C0}"
EndProject
Project("{9A19103F-16F7-4668-BE54-9A1E7A4F7556}") = "InnoSetup.Tasks", "InnoSetup.Tasks\InnoSetup.Tasks.csproj", "{82D4CC9C-3840-41D3-932F-7C93925E3882}"
EndProject
Project("{9A19103F-16F7-4668-BE54-9A1E7A4F7556}") = "OnMyRoute", "OnMyRoute\OnMyRoute.csproj", "{4234677D-1796-4682-9513-B4135838E188}"
EndProject
Project("{9A19103F-16F7-4668-BE54-9A1E7A4F7556}") = "Updates.Types", "Updates.Types\Updates.Types.csproj", "{BF2E9C8A-4339-4E9D-8AF7-FD268CB607AA}"
EndProject
Project("{9A19103F-16F7-4668-BE54-9A1E7A4F7556}") = "Updates.Updates", "Updates.Updates\Updates.Updates.csproj", "{E669B868-E1CA-4C6E-9E1E-FB99F67D710E}"
EndProject
Global
	GlobalSection(SolutionConfigurationPlatforms) = preSolution
		Debug|Any CPU = Debug|Any CPU
		Release|Any CPU = Release|Any CPU
	EndGlobalSection
	GlobalSection(ProjectConfigurationPlatforms) = postSolution
		{A0A22459-2762-4BBC-B915-3E1781F414C0}.Debug|Any CPU.ActiveCfg = Debug|Any CPU
		{A0A22459-2762-4BBC-B915-3E1781F414C0}.Debug|Any CPU.Build.0 = Debug|Any CPU
		{A0A22459-2762-4BBC-B915-3E1781F414C0}.Release|Any CPU.ActiveCfg = Release|Any CPU
		{A0A22459-2762-4BBC-B915-3E1781F414C0}.Release|Any CPU.Build.0 = Release|Any CPU
		{82D4CC9C-3840-41D3-932F-7C93925E3882}.Debug|Any CPU.ActiveCfg = Debug|Any CPU
		{82D4CC9C-3840-41D3-932F-7C93925E3882}.Debug|Any CPU.Build.0 = Debug|Any CPU
		{82D4CC9C-3840-41D3-932F-7C93925E3882}.Release|Any CPU.ActiveCfg = Release|Any CPU
		{82D4CC9C-3840-41D3-932F-7C93925E3882}.Release|Any CPU.Build.0 = Release|Any CPU
		{4234677D-1796-4682-9513-B4135838E188}.Debug|Any CPU.ActiveCfg = Debug|Any CPU
		{4234677D-1796-4682-9513-B4135838E188}.Debug|Any CPU.Build.0 = Debug|Any CPU
		{4234677D-1796-4682-9513-B4135838E188}.Release|Any CPU.ActiveCfg = Release|Any CPU
		{4234677D-1796-4682-9513-B4135838E188}.Release|Any CPU.Build.0 = Release|Any CPU
		{BF2E9C8A-4339-4E9D-8AF7-FD268CB607AA}.Debug|Any CPU.ActiveCfg = Debug|Any CPU
		{BF2E9C8A-4339-4E9D-8AF7-FD268CB607AA}.Debug|Any CPU.Build.0 = Debug|Any CPU
		{BF2E9C8A-4339-4E9D-8AF7-FD268CB607AA}.Release|Any CPU.ActiveCfg = Release|Any CPU
		{BF2E9C8A-4339-4E9D-8AF7-FD268CB607AA}.Release|Any CPU.Build.0 = Release|Any CPU
		{E669B868-E1CA-4C6E-9E1E-FB99F67D710E}.Debug|Any CPU.ActiveCfg = Debug|Any CPU
		{E669B868-E1CA-4C6E-9E1E-FB99F67D710E}.Debug|Any CPU.Build.0 = Debug|Any CPU
		{E669B868-E1CA-4C6E-9E1E-FB99F67D710E}.Release|Any CPU.ActiveCfg = Release|Any CPU
		{E669B868-E1CA-4C6E-9E1E-FB99F67D710E}.Release|Any CPU.Build.0 = Release|Any CPU
	EndGlobalSection
	GlobalSection(SolutionProperties) = preSolution
		HideSolutionNode = FALSE
	EndGlobalSection
	GlobalSection(NestedProjects) = preSolution
		{F95967DD-F488-4238-88F0-96FA4DAD8737} = {A3F0A03C-9113-4FCD-A730-3B07A857EA19}
		{9B7F2668-2005-4BEE-98CD-CA91A189FEE9} = {A3F0A03C-9113-4FCD-A730-3B07A857EA19}
		{CB9A8F6C-C192-4094-BE9F-B2692C63C241} = {9B7F2668-2005-4BEE-98CD-CA91A189FEE9}
	EndGlobalSection
	GlobalSection(ExtensibilityGlobals) = postSolution
		SolutionGuid = {397CE8ED-B5D3-48E8-A347-ED83650DCD90}
	EndGlobalSection
EndGlobal
